
Microsoft Visual Studio Solution File, Format Version 12.00
# Visual Studio Version 17
VisualStudioVersion = 17.12.35707.178
MinimumVisualStudioVersion = 10.0.40219.1
Project("{FAE04EC0-301F-11D3-BF4B-00C04F79EFBC}") = "FortMapperLib", "FortMapperLib\FortMapperLib.csproj", "{403F2C91-F90D-4094-9414-3A55E9256690}"
EndProject
Project("{FAE04EC0-301F-11D3-BF4B-00C04F79EFBC}") = "FortMapperTest", "FortMapperTest\FortMapperTest.csproj", "{027B7FC6-FC46-4293-8837-49CCEA748E10}"
EndProject
Global
	GlobalSection(SolutionConfigurationPlatforms) = preSolution
		Debug|Any CPU = Debug|Any CPU
		Release|Any CPU = Release|Any CPU
	EndGlobalSection
	GlobalSection(ProjectConfigurationPlatforms) = postSolution
		{403F2C91-F90D-4094-9414-3A55E9256690}.Debug|Any CPU.ActiveCfg = Debug|Any CPU
		{403F2C91-F90D-4094-9414-3A55E9256690}.Debug|Any CPU.Build.0 = Debug|Any CPU
		{403F2C91-F90D-4094-9414-3A55E9256690}.Release|Any CPU.ActiveCfg = Release|Any CPU
		{403F2C91-F90D-4094-9414-3A55E9256690}.Release|Any CPU.Build.0 = Release|Any CPU
		{027B7FC6-FC46-4293-8837-49CCEA748E10}.Debug|Any CPU.ActiveCfg = Debug|Any CPU
		{027B7FC6-FC46-4293-8837-49CCEA748E10}.Debug|Any CPU.Build.0 = Debug|Any CPU
		{027B7FC6-FC46-4293-8837-49CCEA748E10}.Release|Any CPU.ActiveCfg = Release|Any CPU
		{027B7FC6-FC46-4293-8837-49CCEA748E10}.Release|Any CPU.Build.0 = Release|Any CPU
	EndGlobalSection
	GlobalSection(SolutionProperties) = preSolution
		HideSolutionNode = FALSE
	EndGlobalSection
EndGlobal
