
Microsoft Visual Studio Solution File, Format Version 12.00
# Visual Studio Version 17
VisualStudioVersion = 17.12.35707.178 d17.12
MinimumVisualStudioVersion = 10.0.40219.1
Project("{FAE04EC0-301F-11D3-BF4B-00C04F79EFBC}") = "FortMapper", "FortMapper\FortMapper.csproj", "{64DC51EC-F8F4-4993-B6C6-A4C8E2DF2303}"
EndProject
Global
	GlobalSection(SolutionConfigurationPlatforms) = preSolution
		Debug|Any CPU = Debug|Any CPU
		Release|Any CPU = Release|Any CPU
	EndGlobalSection
	GlobalSection(ProjectConfigurationPlatforms) = postSolution
		{64DC51EC-F8F4-4993-B6C6-A4C8E2DF2303}.Debug|Any CPU.ActiveCfg = Debug|Any CPU
		{64DC51EC-F8F4-4993-B6C6-A4C8E2DF2303}.Debug|Any CPU.Build.0 = Debug|Any CPU
		{64DC51EC-F8F4-4993-B6C6-A4C8E2DF2303}.Release|Any CPU.ActiveCfg = Release|Any CPU
		{64DC51EC-F8F4-4993-B6C6-A4C8E2DF2303}.Release|Any CPU.Build.0 = Release|Any CPU
	EndGlobalSection
	GlobalSection(SolutionProperties) = preSolution
		HideSolutionNode = FALSE
	EndGlobalSection
EndGlobal
